{
  "object": {
    "pins": [
      {
        "package": "AnyErrorKit",
        "repositoryURL": "https://github.com/Nickelfox/AnyErrorKit",
        "state": {
          "branch": "develop",
          "revision": "862b6ce06a4027a181d483bf43e7172d64851031",
          "version": null
        }
      },
      {
        "package": "SwiftyJSON",
        "repositoryURL": "https://github.com/SwiftyJSON/SwiftyJSON.git",
        "state": {
          "branch": null,
          "revision": "2b6054efa051565954e1d2b9da831680026cd768",
          "version": "4.3.0"
        }
      }
    ]
  },
  "version": 1
}
