// !$*UTF8*$!
{
	archiveVersion = 1;
	classes = {
	};
	objectVersion = 52;
	objects = {

/* Begin PBXAggregateTarget section */
		"JSONParsing::JSONParsingPackageTests::ProductTarget" /* JSONParsingPackageTests */ = {
			isa = PBXAggregateTarget;
			buildConfigurationList = OBJ_65 /* Build configuration list for PBXAggregateTarget "JSONParsingPackageTests" */;
			buildPhases = (
			);
			dependencies = (
				OBJ_68 /* PBXTargetDependency */,
			);
			name = JSONParsingPackageTests;
			productName = JSONParsingPackageTests;
		};
/* End PBXAggregateTarget section */

/* Begin PBXBuildFile section */
		F5E608CD27147CFE0012EC8C /* SwiftyJSON in Frameworks */ = {isa = PBXBuildFile; productRef = F5E608CC27147CFE0012EC8C /* SwiftyJSON */; };
		F5E608D927147D5C0012EC8C /* AnyErrorKit in Frameworks */ = {isa = PBXBuildFile; productRef = F5E608D827147D5C0012EC8C /* AnyErrorKit */; };
		OBJ_44 /* Array+JSON.swift in Sources */ = {isa = PBXBuildFile; fileRef = OBJ_12 /* Array+JSON.swift */; };
		OBJ_45 /* Bool+JSON.swift in Sources */ = {isa = PBXBuildFile; fileRef = OBJ_13 /* Bool+JSON.swift */; };
		OBJ_46 /* Double+JSON.swift in Sources */ = {isa = PBXBuildFile; fileRef = OBJ_14 /* Double+JSON.swift */; };
		OBJ_47 /* Float+JSON.swift in Sources */ = {isa = PBXBuildFile; fileRef = OBJ_15 /* Float+JSON.swift */; };
		OBJ_48 /* Int+JSON.swift in Sources */ = {isa = PBXBuildFile; fileRef = OBJ_16 /* Int+JSON.swift */; };
		OBJ_49 /* JSON.swift in Sources */ = {isa = PBXBuildFile; fileRef = OBJ_17 /* JSON.swift */; };
		OBJ_50 /* JSONError.swift in Sources */ = {isa = PBXBuildFile; fileRef = OBJ_18 /* JSONError.swift */; };
		OBJ_51 /* JSONParseRawRepresentable.swift in Sources */ = {isa = PBXBuildFile; fileRef = OBJ_19 /* JSONParseRawRepresentable.swift */; };
		OBJ_52 /* JSONParseTransformable.swift in Sources */ = {isa = PBXBuildFile; fileRef = OBJ_20 /* JSONParseTransformable.swift */; };
		OBJ_53 /* JSONParseable.swift in Sources */ = {isa = PBXBuildFile; fileRef = OBJ_21 /* JSONParseable.swift */; };
		OBJ_54 /* JSONParseablePrimitive.swift in Sources */ = {isa = PBXBuildFile; fileRef = OBJ_22 /* JSONParseablePrimitive.swift */; };
		OBJ_55 /* String+JSON.swift in Sources */ = {isa = PBXBuildFile; fileRef = OBJ_23 /* String+JSON.swift */; };
		OBJ_56 /* URL+JSON.swift in Sources */ = {isa = PBXBuildFile; fileRef = OBJ_24 /* URL+JSON.swift */; };
		OBJ_63 /* Package.swift in Sources */ = {isa = PBXBuildFile; fileRef = OBJ_6 /* Package.swift */; };
		OBJ_74 /* JSONParsingTests.swift in Sources */ = {isa = PBXBuildFile; fileRef = OBJ_27 /* JSONParsingTests.swift */; };
		OBJ_75 /* XCTestManifests.swift in Sources */ = {isa = PBXBuildFile; fileRef = OBJ_28 /* XCTestManifests.swift */; };
		OBJ_76 /* LinuxMain.swift in Sources */ = {isa = PBXBuildFile; fileRef = OBJ_29 /* LinuxMain.swift */; };
		OBJ_78 /* JSONParsing.framework in Frameworks */ = {isa = PBXBuildFile; fileRef = "JSONParsing::JSONParsing::Product" /* JSONParsing.framework */; };
/* End PBXBuildFile section */

/* Begin PBXContainerItemProxy section */
		F5E608CA271479C40012EC8C /* PBXContainerItemProxy */ = {
			isa = PBXContainerItemProxy;
			containerPortal = OBJ_1 /* Project object */;
			proxyType = 1;
			remoteGlobalIDString = "JSONParsing::JSONParsing";
			remoteInfo = JSONParsing;
		};
		F5E608D027147CFF0012EC8C /* PBXContainerItemProxy */ = {
			isa = PBXContainerItemProxy;
			containerPortal = OBJ_1 /* Project object */;
			proxyType = 1;
			remoteGlobalIDString = "JSONParsing::JSONParsingTests";
			remoteInfo = JSONParsingTests;
		};
/* End PBXContainerItemProxy section */

/* Begin PBXFileReference section */
		F50116BA271577BA0055055A /* Foundation.framework */ = {isa = PBXFileReference; lastKnownFileType = wrapper.framework; name = Foundation.framework; path = System/Library/Frameworks/Foundation.framework; sourceTree = SDKROOT; };
		"JSONParsing::JSONParsing::Product" /* JSONParsing.framework */ = {isa = PBXFileReference; lastKnownFileType = wrapper.framework; path = JSONParsing.framework; sourceTree = BUILT_PRODUCTS_DIR; };
		"JSONParsing::JSONParsingTests::Product" /* JSONParsingTests.xctest */ = {isa = PBXFileReference; lastKnownFileType = file; path = JSONParsingTests.xctest; sourceTree = BUILT_PRODUCTS_DIR; };
		OBJ_12 /* Array+JSON.swift */ = {isa = PBXFileReference; lastKnownFileType = sourcecode.swift; path = "Array+JSON.swift"; sourceTree = "<group>"; };
		OBJ_13 /* Bool+JSON.swift */ = {isa = PBXFileReference; lastKnownFileType = sourcecode.swift; path = "Bool+JSON.swift"; sourceTree = "<group>"; };
		OBJ_14 /* Double+JSON.swift */ = {isa = PBXFileReference; lastKnownFileType = sourcecode.swift; path = "Double+JSON.swift"; sourceTree = "<group>"; };
		OBJ_15 /* Float+JSON.swift */ = {isa = PBXFileReference; lastKnownFileType = sourcecode.swift; path = "Float+JSON.swift"; sourceTree = "<group>"; };
		OBJ_16 /* Int+JSON.swift */ = {isa = PBXFileReference; lastKnownFileType = sourcecode.swift; path = "Int+JSON.swift"; sourceTree = "<group>"; };
		OBJ_17 /* JSON.swift */ = {isa = PBXFileReference; lastKnownFileType = sourcecode.swift; path = JSON.swift; sourceTree = "<group>"; };
		OBJ_18 /* JSONError.swift */ = {isa = PBXFileReference; lastKnownFileType = sourcecode.swift; path = JSONError.swift; sourceTree = "<group>"; };
		OBJ_19 /* JSONParseRawRepresentable.swift */ = {isa = PBXFileReference; lastKnownFileType = sourcecode.swift; path = JSONParseRawRepresentable.swift; sourceTree = "<group>"; };
		OBJ_20 /* JSONParseTransformable.swift */ = {isa = PBXFileReference; lastKnownFileType = sourcecode.swift; path = JSONParseTransformable.swift; sourceTree = "<group>"; };
		OBJ_21 /* JSONParseable.swift */ = {isa = PBXFileReference; lastKnownFileType = sourcecode.swift; path = JSONParseable.swift; sourceTree = "<group>"; };
		OBJ_22 /* JSONParseablePrimitive.swift */ = {isa = PBXFileReference; lastKnownFileType = sourcecode.swift; path = JSONParseablePrimitive.swift; sourceTree = "<group>"; };
		OBJ_23 /* String+JSON.swift */ = {isa = PBXFileReference; lastKnownFileType = sourcecode.swift; path = "String+JSON.swift"; sourceTree = "<group>"; };
		OBJ_24 /* URL+JSON.swift */ = {isa = PBXFileReference; lastKnownFileType = sourcecode.swift; path = "URL+JSON.swift"; sourceTree = "<group>"; };
		OBJ_27 /* JSONParsingTests.swift */ = {isa = PBXFileReference; lastKnownFileType = sourcecode.swift; path = JSONParsingTests.swift; sourceTree = "<group>"; };
		OBJ_28 /* XCTestManifests.swift */ = {isa = PBXFileReference; lastKnownFileType = sourcecode.swift; path = XCTestManifests.swift; sourceTree = "<group>"; };
		OBJ_29 /* LinuxMain.swift */ = {isa = PBXFileReference; lastKnownFileType = sourcecode.swift; path = LinuxMain.swift; sourceTree = "<group>"; };
		OBJ_34 /* Example */ = {isa = PBXFileReference; lastKnownFileType = folder; path = Example; sourceTree = SOURCE_ROOT; };
		OBJ_35 /* LICENSE */ = {isa = PBXFileReference; lastKnownFileType = text; path = LICENSE; sourceTree = "<group>"; };
		OBJ_36 /* README.md */ = {isa = PBXFileReference; lastKnownFileType = net.daringfireball.markdown; path = README.md; sourceTree = "<group>"; };
		OBJ_37 /* logo.png */ = {isa = PBXFileReference; lastKnownFileType = image.png; path = logo.png; sourceTree = "<group>"; };
		OBJ_38 /* JSONParsing.podspec */ = {isa = PBXFileReference; lastKnownFileType = text; path = JSONParsing.podspec; sourceTree = "<group>"; };
		OBJ_6 /* Package.swift */ = {isa = PBXFileReference; explicitFileType = sourcecode.swift; path = Package.swift; sourceTree = "<group>"; };
/* End PBXFileReference section */

/* Begin PBXFrameworksBuildPhase section */
		OBJ_57 /* Frameworks */ = {
			isa = PBXFrameworksBuildPhase;
			buildActionMask = 0;
			files = (
				F5E608CD27147CFE0012EC8C /* SwiftyJSON in Frameworks */,
				F5E608D927147D5C0012EC8C /* AnyErrorKit in Frameworks */,
			);
			runOnlyForDeploymentPostprocessing = 0;
		};
		OBJ_77 /* Frameworks */ = {
			isa = PBXFrameworksBuildPhase;
			buildActionMask = 0;
			files = (
				OBJ_78 /* JSONParsing.framework in Frameworks */,
			);
			runOnlyForDeploymentPostprocessing = 0;
		};
/* End PBXFrameworksBuildPhase section */

/* Begin PBXGroup section */
		F50116B9271577B90055055A /* Frameworks */ = {
			isa = PBXGroup;
			children = (
				F50116BA271577BA0055055A /* Foundation.framework */,
			);
			name = Frameworks;
			sourceTree = "<group>";
		};
		OBJ_10 /* Classes */ = {
			isa = PBXGroup;
			children = (
				OBJ_11 /* JSONParsing */,
			);
			path = Classes;
			sourceTree = "<group>";
		};
		OBJ_11 /* JSONParsing */ = {
			isa = PBXGroup;
			children = (
				OBJ_12 /* Array+JSON.swift */,
				OBJ_13 /* Bool+JSON.swift */,
				OBJ_14 /* Double+JSON.swift */,
				OBJ_15 /* Float+JSON.swift */,
				OBJ_16 /* Int+JSON.swift */,
				OBJ_17 /* JSON.swift */,
				OBJ_18 /* JSONError.swift */,
				OBJ_19 /* JSONParseRawRepresentable.swift */,
				OBJ_20 /* JSONParseTransformable.swift */,
				OBJ_21 /* JSONParseable.swift */,
				OBJ_22 /* JSONParseablePrimitive.swift */,
				OBJ_23 /* String+JSON.swift */,
				OBJ_24 /* URL+JSON.swift */,
			);
			path = JSONParsing;
			sourceTree = "<group>";
		};
		OBJ_25 /* Tests */ = {
			isa = PBXGroup;
			children = (
				OBJ_26 /* JSONParsingTests */,
				OBJ_29 /* LinuxMain.swift */,
			);
			path = Tests;
			sourceTree = SOURCE_ROOT;
		};
		OBJ_26 /* JSONParsingTests */ = {
			isa = PBXGroup;
			children = (
				OBJ_27 /* JSONParsingTests.swift */,
				OBJ_28 /* XCTestManifests.swift */,
			);
			path = JSONParsingTests;
			sourceTree = "<group>";
		};
		OBJ_30 /* Dependencies */ = {
			isa = PBXGroup;
			children = (
			);
			name = Dependencies;
			sourceTree = "<group>";
		};
		OBJ_31 /* Products */ = {
			isa = PBXGroup;
			children = (
				"JSONParsing::JSONParsingTests::Product" /* JSONParsingTests.xctest */,
				"JSONParsing::JSONParsing::Product" /* JSONParsing.framework */,
			);
			name = Products;
			sourceTree = BUILT_PRODUCTS_DIR;
		};
		OBJ_5 = {
			isa = PBXGroup;
			children = (
				OBJ_6 /* Package.swift */,
				OBJ_7 /* Sources */,
				OBJ_25 /* Tests */,
				OBJ_30 /* Dependencies */,
				OBJ_31 /* Products */,
				OBJ_34 /* Example */,
				OBJ_35 /* LICENSE */,
				OBJ_36 /* README.md */,
				OBJ_37 /* logo.png */,
				OBJ_38 /* JSONParsing.podspec */,
				F50116B9271577B90055055A /* Frameworks */,
			);
			sourceTree = "<group>";
		};
		OBJ_7 /* Sources */ = {
			isa = PBXGroup;
			children = (
				OBJ_8 /* JSONParsing */,
			);
			path = Sources;
			sourceTree = SOURCE_ROOT;
		};
		OBJ_8 /* JSONParsing */ = {
			isa = PBXGroup;
			children = (
				OBJ_9 /* Source */,
			);
			path = JSONParsing;
			sourceTree = "<group>";
		};
		OBJ_9 /* Source */ = {
			isa = PBXGroup;
			children = (
				OBJ_10 /* Classes */,
			);
			path = Source;
			sourceTree = "<group>";
		};
/* End PBXGroup section */

/* Begin PBXNativeTarget section */
		"JSONParsing::JSONParsing" /* JSONParsing */ = {
			isa = PBXNativeTarget;
			buildConfigurationList = OBJ_40 /* Build configuration list for PBXNativeTarget "JSONParsing" */;
			buildPhases = (
				OBJ_43 /* Sources */,
				OBJ_57 /* Frameworks */,
			);
			buildRules = (
			);
			dependencies = (
			);
			name = JSONParsing;
			packageProductDependencies = (
				F5E608CC27147CFE0012EC8C /* SwiftyJSON */,
				F5E608D827147D5C0012EC8C /* AnyErrorKit */,
			);
			productName = JSONParsing;
			productReference = "JSONParsing::JSONParsing::Product" /* JSONParsing.framework */;
			productType = "com.apple.product-type.framework";
		};
		"JSONParsing::JSONParsingTests" /* JSONParsingTests */ = {
			isa = PBXNativeTarget;
			buildConfigurationList = OBJ_70 /* Build configuration list for PBXNativeTarget "JSONParsingTests" */;
			buildPhases = (
				OBJ_73 /* Sources */,
				OBJ_77 /* Frameworks */,
			);
			buildRules = (
			);
			dependencies = (
				OBJ_79 /* PBXTargetDependency */,
			);
			name = JSONParsingTests;
			productName = JSONParsingTests;
			productReference = "JSONParsing::JSONParsingTests::Product" /* JSONParsingTests.xctest */;
			productType = "com.apple.product-type.bundle.unit-test";
		};
		"JSONParsing::SwiftPMPackageDescription" /* JSONParsingPackageDescription */ = {
			isa = PBXNativeTarget;
			buildConfigurationList = OBJ_59 /* Build configuration list for PBXNativeTarget "JSONParsingPackageDescription" */;
			buildPhases = (
				OBJ_62 /* Sources */,
			);
			buildRules = (
			);
			dependencies = (
			);
			name = JSONParsingPackageDescription;
			productName = JSONParsingPackageDescription;
			productType = "com.apple.product-type.framework";
		};
/* End PBXNativeTarget section */

/* Begin PBXProject section */
		OBJ_1 /* Project object */ = {
			isa = PBXProject;
			attributes = {
				LastSwiftMigration = 9999;
				LastUpgradeCheck = 9999;
			};
			buildConfigurationList = OBJ_2 /* Build configuration list for PBXProject "JSONParsing" */;
			compatibilityVersion = "Xcode 3.2";
			developmentRegion = en;
			hasScannedForEncodings = 0;
			knownRegions = (
				en,
			);
			mainGroup = OBJ_5;
			packageReferences = (
				F5E608CB27147CFE0012EC8C /* XCRemoteSwiftPackageReference "SwiftyJSON" */,
				F5E608D727147D5C0012EC8C /* XCRemoteSwiftPackageReference "AnyErrorKit" */,
			);
			productRefGroup = OBJ_31 /* Products */;
			projectDirPath = "";
			projectRoot = "";
			targets = (
				"JSONParsing::JSONParsing" /* JSONParsing */,
				"JSONParsing::SwiftPMPackageDescription" /* JSONParsingPackageDescription */,
				"JSONParsing::JSONParsingPackageTests::ProductTarget" /* JSONParsingPackageTests */,
				"JSONParsing::JSONParsingTests" /* JSONParsingTests */,
			);
		};
/* End PBXProject section */

/* Begin PBXSourcesBuildPhase section */
		OBJ_43 /* Sources */ = {
			isa = PBXSourcesBuildPhase;
			buildActionMask = 0;
			files = (
				OBJ_44 /* Array+JSON.swift in Sources */,
				OBJ_45 /* Bool+JSON.swift in Sources */,
				OBJ_46 /* Double+JSON.swift in Sources */,
				OBJ_47 /* Float+JSON.swift in Sources */,
				OBJ_48 /* Int+JSON.swift in Sources */,
				OBJ_49 /* JSON.swift in Sources */,
				OBJ_50 /* JSONError.swift in Sources */,
				OBJ_51 /* JSONParseRawRepresentable.swift in Sources */,
				OBJ_52 /* JSONParseTransformable.swift in Sources */,
				OBJ_53 /* JSONParseable.swift in Sources */,
				OBJ_54 /* JSONParseablePrimitive.swift in Sources */,
				OBJ_55 /* String+JSON.swift in Sources */,
				OBJ_56 /* URL+JSON.swift in Sources */,
			);
			runOnlyForDeploymentPostprocessing = 0;
		};
		OBJ_62 /* Sources */ = {
			isa = PBXSourcesBuildPhase;
			buildActionMask = 0;
			files = (
				OBJ_63 /* Package.swift in Sources */,
			);
			runOnlyForDeploymentPostprocessing = 0;
		};
		OBJ_73 /* Sources */ = {
			isa = PBXSourcesBuildPhase;
			buildActionMask = 0;
			files = (
				OBJ_74 /* JSONParsingTests.swift in Sources */,
				OBJ_75 /* XCTestManifests.swift in Sources */,
				OBJ_76 /* LinuxMain.swift in Sources */,
			);
			runOnlyForDeploymentPostprocessing = 0;
		};
/* End PBXSourcesBuildPhase section */

/* Begin PBXTargetDependency section */
		OBJ_68 /* PBXTargetDependency */ = {
			isa = PBXTargetDependency;
			target = "JSONParsing::JSONParsingTests" /* JSONParsingTests */;
			targetProxy = F5E608D027147CFF0012EC8C /* PBXContainerItemProxy */;
		};
		OBJ_79 /* PBXTargetDependency */ = {
			isa = PBXTargetDependency;
			target = "JSONParsing::JSONParsing" /* JSONParsing */;
			targetProxy = F5E608CA271479C40012EC8C /* PBXContainerItemProxy */;
		};
/* End PBXTargetDependency section */

/* Begin XCBuildConfiguration section */
		OBJ_3 /* Debug */ = {
			isa = XCBuildConfiguration;
			buildSettings = {
				CLANG_ENABLE_OBJC_ARC = YES;
				COMBINE_HIDPI_IMAGES = YES;
				COPY_PHASE_STRIP = NO;
				DEBUG_INFORMATION_FORMAT = dwarf;
				DYLIB_INSTALL_NAME_BASE = "@rpath";
				ENABLE_NS_ASSERTIONS = YES;
				GCC_OPTIMIZATION_LEVEL = 0;
				GCC_PREPROCESSOR_DEFINITIONS = (
					"$(inherited)",
					"SWIFT_PACKAGE=1",
					"DEBUG=1",
				);
				MACOSX_DEPLOYMENT_TARGET = 10.10;
				ONLY_ACTIVE_ARCH = YES;
				OTHER_SWIFT_FLAGS = "$(inherited) -DXcode";
				PRODUCT_NAME = "$(TARGET_NAME)";
				SDKROOT = macosx;
				SUPPORTED_PLATFORMS = "macosx iphoneos iphonesimulator appletvos appletvsimulator watchos watchsimulator";
				SWIFT_ACTIVE_COMPILATION_CONDITIONS = "$(inherited) SWIFT_PACKAGE DEBUG";
				SWIFT_OPTIMIZATION_LEVEL = "-Onone";
				USE_HEADERMAP = NO;
			};
			name = Debug;
		};
		OBJ_4 /* Release */ = {
			isa = XCBuildConfiguration;
			buildSettings = {
				CLANG_ENABLE_OBJC_ARC = YES;
				COMBINE_HIDPI_IMAGES = YES;
				COPY_PHASE_STRIP = YES;
				DEBUG_INFORMATION_FORMAT = "dwarf-with-dsym";
				DYLIB_INSTALL_NAME_BASE = "@rpath";
				GCC_OPTIMIZATION_LEVEL = s;
				GCC_PREPROCESSOR_DEFINITIONS = (
					"$(inherited)",
					"SWIFT_PACKAGE=1",
				);
				MACOSX_DEPLOYMENT_TARGET = 10.10;
				OTHER_SWIFT_FLAGS = "$(inherited) -DXcode";
				PRODUCT_NAME = "$(TARGET_NAME)";
				SDKROOT = macosx;
				SUPPORTED_PLATFORMS = "macosx iphoneos iphonesimulator appletvos appletvsimulator watchos watchsimulator";
				SWIFT_ACTIVE_COMPILATION_CONDITIONS = "$(inherited) SWIFT_PACKAGE";
				SWIFT_COMPILATION_MODE = wholemodule;
				SWIFT_OPTIMIZATION_LEVEL = "-O";
				USE_HEADERMAP = NO;
			};
			name = Release;
		};
		OBJ_41 /* Debug */ = {
			isa = XCBuildConfiguration;
			buildSettings = {
				ENABLE_TESTABILITY = YES;
				FRAMEWORK_SEARCH_PATHS = (
					"$(inherited)",
					"$(PLATFORM_DIR)/Developer/Library/Frameworks",
				);
				HEADER_SEARCH_PATHS = "$(inherited)";
				INFOPLIST_FILE = JSONParsing.xcodeproj/JSONParsing_Info.plist;
				IPHONEOS_DEPLOYMENT_TARGET = 9.0;
				LD_RUNPATH_SEARCH_PATHS = (
					"$(inherited)",
					"$(TOOLCHAIN_DIR)/usr/lib/swift/macosx",
				);
				MACOSX_DEPLOYMENT_TARGET = 10.10;
				OTHER_CFLAGS = "$(inherited)";
				OTHER_LDFLAGS = "$(inherited)";
				OTHER_SWIFT_FLAGS = "$(inherited)";
				PRODUCT_BUNDLE_IDENTIFIER = JSONParsing;
				PRODUCT_MODULE_NAME = "$(TARGET_NAME:c99extidentifier)";
				PRODUCT_NAME = "$(TARGET_NAME:c99extidentifier)";
				SKIP_INSTALL = YES;
				SWIFT_ACTIVE_COMPILATION_CONDITIONS = "$(inherited)";
				SWIFT_VERSION = 5.0;
				TARGET_NAME = JSONParsing;
				TVOS_DEPLOYMENT_TARGET = 9.0;
				WATCHOS_DEPLOYMENT_TARGET = 2.0;
			};
			name = Debug;
		};
		OBJ_42 /* Release */ = {
			isa = XCBuildConfiguration;
			buildSettings = {
				ENABLE_TESTABILITY = YES;
				FRAMEWORK_SEARCH_PATHS = (
					"$(inherited)",
					"$(PLATFORM_DIR)/Developer/Library/Frameworks",
				);
				HEADER_SEARCH_PATHS = "$(inherited)";
				INFOPLIST_FILE = JSONParsing.xcodeproj/JSONParsing_Info.plist;
				IPHONEOS_DEPLOYMENT_TARGET = 9.0;
				LD_RUNPATH_SEARCH_PATHS = (
					"$(inherited)",
					"$(TOOLCHAIN_DIR)/usr/lib/swift/macosx",
				);
				MACOSX_DEPLOYMENT_TARGET = 10.10;
				OTHER_CFLAGS = "$(inherited)";
				OTHER_LDFLAGS = "$(inherited)";
				OTHER_SWIFT_FLAGS = "$(inherited)";
				PRODUCT_BUNDLE_IDENTIFIER = JSONParsing;
				PRODUCT_MODULE_NAME = "$(TARGET_NAME:c99extidentifier)";
				PRODUCT_NAME = "$(TARGET_NAME:c99extidentifier)";
				SKIP_INSTALL = YES;
				SWIFT_ACTIVE_COMPILATION_CONDITIONS = "$(inherited)";
				SWIFT_VERSION = 5.0;
				TARGET_NAME = JSONParsing;
				TVOS_DEPLOYMENT_TARGET = 9.0;
				WATCHOS_DEPLOYMENT_TARGET = 2.0;
			};
			name = Release;
		};
		OBJ_60 /* Debug */ = {
			isa = XCBuildConfiguration;
			buildSettings = {
				LD = /usr/bin/true;
				OTHER_SWIFT_FLAGS = "-swift-version 5 -I $(TOOLCHAIN_DIR)/usr/lib/swift/pm/4_2 -sdk /Applications/Xcode-12.4.app/Contents/Developer/Platforms/MacOSX.platform/Developer/SDKs/MacOSX11.1.sdk -package-description-version 5.3.0";
				SWIFT_VERSION = 5.0;
			};
			name = Debug;
		};
		OBJ_61 /* Release */ = {
			isa = XCBuildConfiguration;
			buildSettings = {
				LD = /usr/bin/true;
				OTHER_SWIFT_FLAGS = "-swift-version 5 -I $(TOOLCHAIN_DIR)/usr/lib/swift/pm/4_2 -sdk /Applications/Xcode-12.4.app/Contents/Developer/Platforms/MacOSX.platform/Developer/SDKs/MacOSX11.1.sdk -package-description-version 5.3.0";
				SWIFT_VERSION = 5.0;
			};
			name = Release;
		};
		OBJ_66 /* Debug */ = {
			isa = XCBuildConfiguration;
			buildSettings = {
			};
			name = Debug;
		};
		OBJ_67 /* Release */ = {
			isa = XCBuildConfiguration;
			buildSettings = {
			};
			name = Release;
		};
		OBJ_71 /* Debug */ = {
			isa = XCBuildConfiguration;
			buildSettings = {
				CLANG_ENABLE_MODULES = YES;
				EMBEDDED_CONTENT_CONTAINS_SWIFT = YES;
				FRAMEWORK_SEARCH_PATHS = (
					"$(inherited)",
					"$(PLATFORM_DIR)/Developer/Library/Frameworks",
				);
				HEADER_SEARCH_PATHS = "$(inherited)";
				INFOPLIST_FILE = JSONParsing.xcodeproj/JSONParsingTests_Info.plist;
				IPHONEOS_DEPLOYMENT_TARGET = 14.0;
				LD_RUNPATH_SEARCH_PATHS = (
					"$(inherited)",
					"@loader_path/../Frameworks",
					"@loader_path/Frameworks",
				);
				MACOSX_DEPLOYMENT_TARGET = 10.15;
				OTHER_CFLAGS = "$(inherited)";
				OTHER_LDFLAGS = "$(inherited)";
				OTHER_SWIFT_FLAGS = "$(inherited)";
				SWIFT_ACTIVE_COMPILATION_CONDITIONS = "$(inherited)";
				SWIFT_VERSION = 5.0;
				TARGET_NAME = JSONParsingTests;
				TVOS_DEPLOYMENT_TARGET = 9.0;
				WATCHOS_DEPLOYMENT_TARGET = 2.0;
			};
			name = Debug;
		};
		OBJ_72 /* Release */ = {
			isa = XCBuildConfiguration;
			buildSettings = {
				CLANG_ENABLE_MODULES = YES;
				EMBEDDED_CONTENT_CONTAINS_SWIFT = YES;
				FRAMEWORK_SEARCH_PATHS = (
					"$(inherited)",
					"$(PLATFORM_DIR)/Developer/Library/Frameworks",
				);
				HEADER_SEARCH_PATHS = "$(inherited)";
				INFOPLIST_FILE = JSONParsing.xcodeproj/JSONParsingTests_Info.plist;
				IPHONEOS_DEPLOYMENT_TARGET = 14.0;
				LD_RUNPATH_SEARCH_PATHS = (
					"$(inherited)",
					"@loader_path/../Frameworks",
					"@loader_path/Frameworks",
				);
				MACOSX_DEPLOYMENT_TARGET = 10.15;
				OTHER_CFLAGS = "$(inherited)";
				OTHER_LDFLAGS = "$(inherited)";
				OTHER_SWIFT_FLAGS = "$(inherited)";
				SWIFT_ACTIVE_COMPILATION_CONDITIONS = "$(inherited)";
				SWIFT_VERSION = 5.0;
				TARGET_NAME = JSONParsingTests;
				TVOS_DEPLOYMENT_TARGET = 9.0;
				WATCHOS_DEPLOYMENT_TARGET = 2.0;
			};
			name = Release;
		};
/* End XCBuildConfiguration section */

/* Begin XCConfigurationList section */
		OBJ_2 /* Build configuration list for PBXProject "JSONParsing" */ = {
			isa = XCConfigurationList;
			buildConfigurations = (
				OBJ_3 /* Debug */,
				OBJ_4 /* Release */,
			);
			defaultConfigurationIsVisible = 0;
			defaultConfigurationName = Release;
		};
		OBJ_40 /* Build configuration list for PBXNativeTarget "JSONParsing" */ = {
			isa = XCConfigurationList;
			buildConfigurations = (
				OBJ_41 /* Debug */,
				OBJ_42 /* Release */,
			);
			defaultConfigurationIsVisible = 0;
			defaultConfigurationName = Release;
		};
		OBJ_59 /* Build configuration list for PBXNativeTarget "JSONParsingPackageDescription" */ = {
			isa = XCConfigurationList;
			buildConfigurations = (
				OBJ_60 /* Debug */,
				OBJ_61 /* Release */,
			);
			defaultConfigurationIsVisible = 0;
			defaultConfigurationName = Release;
		};
		OBJ_65 /* Build configuration list for PBXAggregateTarget "JSONParsingPackageTests" */ = {
			isa = XCConfigurationList;
			buildConfigurations = (
				OBJ_66 /* Debug */,
				OBJ_67 /* Release */,
			);
			defaultConfigurationIsVisible = 0;
			defaultConfigurationName = Release;
		};
		OBJ_70 /* Build configuration list for PBXNativeTarget "JSONParsingTests" */ = {
			isa = XCConfigurationList;
			buildConfigurations = (
				OBJ_71 /* Debug */,
				OBJ_72 /* Release */,
			);
			defaultConfigurationIsVisible = 0;
			defaultConfigurationName = Release;
		};
/* End XCConfigurationList section */

/* Begin XCRemoteSwiftPackageReference section */
		F5E608CB27147CFE0012EC8C /* XCRemoteSwiftPackageReference "SwiftyJSON" */ = {
			isa = XCRemoteSwiftPackageReference;
			repositoryURL = "https://github.com/SwiftyJSON/SwiftyJSON.git";
			requirement = {
				kind = upToNextMajorVersion;
				minimumVersion = 4.0.0;
			};
		};
		F5E608D727147D5C0012EC8C /* XCRemoteSwiftPackageReference "AnyErrorKit" */ = {
			isa = XCRemoteSwiftPackageReference;
			repositoryURL = "https://github.com/Nickelfox/AnyErrorKit";
			requirement = {
				branch = develop;
				kind = branch;
			};
		};
/* End XCRemoteSwiftPackageReference section */

/* Begin XCSwiftPackageProductDependency section */
		F5E608CC27147CFE0012EC8C /* SwiftyJSON */ = {
			isa = XCSwiftPackageProductDependency;
			package = F5E608CB27147CFE0012EC8C /* XCRemoteSwiftPackageReference "SwiftyJSON" */;
			productName = SwiftyJSON;
		};
		F5E608D827147D5C0012EC8C /* AnyErrorKit */ = {
			isa = XCSwiftPackageProductDependency;
			package = F5E608D727147D5C0012EC8C /* XCRemoteSwiftPackageReference "AnyErrorKit" */;
			productName = AnyErrorKit;
		};
/* End XCSwiftPackageProductDependency section */
	};
	rootObject = OBJ_1 /* Project object */;
}
