// !$*UTF8*$!
{
	archiveVersion = 1;
	classes = {
	};
	objectVersion = 48;
	objects = {

/* Begin PBXBuildFile section */
		FBADD6EA200512CA00985CF1 /* JSONParsing_tvOS.h in Headers */ = {isa = PBXBuildFile; fileRef = FBADD6E8200512CA00985CF1 /* JSONParsing_tvOS.h */; settings = {ATTRIBUTES = (Public, ); }; };
		FBADD6F7200512DC00985CF1 /* JSONParsing_macOS.h in Headers */ = {isa = PBXBuildFile; fileRef = FBADD6F5200512DC00985CF1 /* JSONParsing_macOS.h */; settings = {ATTRIBUTES = (Public, ); }; };
		FBADD9D32006170100985CF1 /* SwiftyJSON.framework in Frameworks */ = {isa = PBXBuildFile; fileRef = FBB3F1C02003BFF200994D2F /* SwiftyJSON.framework */; };
		FBADD9D42006170100985CF1 /* AnyErrorKit.framework in Frameworks */ = {isa = PBXBuildFile; fileRef = FBB3F1BD2003BE5000994D2F /* AnyErrorKit.framework */; };
		FBADD9D52006171800985CF1 /* SwiftyJSON.framework in Frameworks */ = {isa = PBXBuildFile; fileRef = FBADD6DA20050E8500985CF1 /* SwiftyJSON.framework */; };
		FBADD9D72006171900985CF1 /* AnyErrorKit.framework in Frameworks */ = {isa = PBXBuildFile; fileRef = FBADD9D62006171900985CF1 /* AnyErrorKit.framework */; };
		FBADD9D82006175600985CF1 /* SwiftyJSON.framework in Frameworks */ = {isa = PBXBuildFile; fileRef = FBADD6D820050E8500985CF1 /* SwiftyJSON.framework */; };
		FBADD9DA2006175700985CF1 /* AnyErrorKit.framework in Frameworks */ = {isa = PBXBuildFile; fileRef = FBADD9D92006175600985CF1 /* AnyErrorKit.framework */; };
		FBB3F1992003BAFD00994D2F /* JSONParsing.h in Headers */ = {isa = PBXBuildFile; fileRef = FBB3F1972003BAFD00994D2F /* JSONParsing.h */; settings = {ATTRIBUTES = (Public, ); }; };
		FBB3F1AF2003BB4E00994D2F /* JSONParseTransformable.swift in Sources */ = {isa = PBXBuildFile; fileRef = FBB3F1A22003BB4E00994D2F /* JSONParseTransformable.swift */; };
		FBB3F1B02003BB4E00994D2F /* JSONParseablePrimitive.swift in Sources */ = {isa = PBXBuildFile; fileRef = FBB3F1A32003BB4E00994D2F /* JSONParseablePrimitive.swift */; };
		FBB3F1B12003BB4E00994D2F /* JSON.swift in Sources */ = {isa = PBXBuildFile; fileRef = FBB3F1A42003BB4E00994D2F /* JSON.swift */; };
		FBB3F1B22003BB4E00994D2F /* Double+JSON.swift in Sources */ = {isa = PBXBuildFile; fileRef = FBB3F1A52003BB4E00994D2F /* Double+JSON.swift */; };
		FBB3F1B32003BB4E00994D2F /* Bool+JSON.swift in Sources */ = {isa = PBXBuildFile; fileRef = FBB3F1A62003BB4E00994D2F /* Bool+JSON.swift */; };
		FBB3F1B42003BB4E00994D2F /* Int+JSON.swift in Sources */ = {isa = PBXBuildFile; fileRef = FBB3F1A72003BB4E00994D2F /* Int+JSON.swift */; };
		FBB3F1B52003BB4E00994D2F /* JSONParseRawRepresentable.swift in Sources */ = {isa = PBXBuildFile; fileRef = FBB3F1A82003BB4E00994D2F /* JSONParseRawRepresentable.swift */; };
		FBB3F1B62003BB4E00994D2F /* JSONParseable.swift in Sources */ = {isa = PBXBuildFile; fileRef = FBB3F1A92003BB4E00994D2F /* JSONParseable.swift */; };
		FBB3F1B72003BB4E00994D2F /* String+JSON.swift in Sources */ = {isa = PBXBuildFile; fileRef = FBB3F1AA2003BB4E00994D2F /* String+JSON.swift */; };
		FBB3F1B82003BB4E00994D2F /* Float+JSON.swift in Sources */ = {isa = PBXBuildFile; fileRef = FBB3F1AB2003BB4E00994D2F /* Float+JSON.swift */; };
		FBB3F1B92003BB4E00994D2F /* Array+JSON.swift in Sources */ = {isa = PBXBuildFile; fileRef = FBB3F1AC2003BB4E00994D2F /* Array+JSON.swift */; };
		FBB3F1BA2003BB4E00994D2F /* JSONError.swift in Sources */ = {isa = PBXBuildFile; fileRef = FBB3F1AD2003BB4E00994D2F /* JSONError.swift */; };
		FBB3F1BB2003BB4E00994D2F /* URL+JSON.swift in Sources */ = {isa = PBXBuildFile; fileRef = FBB3F1AE2003BB4E00994D2F /* URL+JSON.swift */; };
/* End PBXBuildFile section */

/* Begin PBXFileReference section */
		FBADD6D820050E8500985CF1 /* SwiftyJSON.framework */ = {isa = PBXFileReference; lastKnownFileType = wrapper.framework; name = SwiftyJSON.framework; path = Carthage/Build/Mac/SwiftyJSON.framework; sourceTree = "<group>"; };
		FBADD6D920050E8500985CF1 /* AnyErrorKit_tvOS.framework */ = {isa = PBXFileReference; lastKnownFileType = wrapper.framework; name = AnyErrorKit_tvOS.framework; path = Carthage/Build/tvOS/AnyErrorKit_tvOS.framework; sourceTree = "<group>"; };
		FBADD6DA20050E8500985CF1 /* SwiftyJSON.framework */ = {isa = PBXFileReference; lastKnownFileType = wrapper.framework; name = SwiftyJSON.framework; path = Carthage/Build/tvOS/SwiftyJSON.framework; sourceTree = "<group>"; };
		FBADD6DB20050E8600985CF1 /* AnyErrorKit_macOS.framework */ = {isa = PBXFileReference; lastKnownFileType = wrapper.framework; name = AnyErrorKit_macOS.framework; path = Carthage/Build/Mac/AnyErrorKit_macOS.framework; sourceTree = "<group>"; };
		FBADD6E6200512CA00985CF1 /* JSONParsing.framework */ = {isa = PBXFileReference; explicitFileType = wrapper.framework; includeInIndex = 0; path = JSONParsing.framework; sourceTree = BUILT_PRODUCTS_DIR; };
		FBADD6E8200512CA00985CF1 /* JSONParsing_tvOS.h */ = {isa = PBXFileReference; lastKnownFileType = sourcecode.c.h; path = JSONParsing_tvOS.h; sourceTree = "<group>"; };
		FBADD6E9200512CA00985CF1 /* Info.plist */ = {isa = PBXFileReference; lastKnownFileType = text.plist.xml; path = Info.plist; sourceTree = "<group>"; };
		FBADD6F3200512DC00985CF1 /* JSONParsing.framework */ = {isa = PBXFileReference; explicitFileType = wrapper.framework; includeInIndex = 0; path = JSONParsing.framework; sourceTree = BUILT_PRODUCTS_DIR; };
		FBADD6F5200512DC00985CF1 /* JSONParsing_macOS.h */ = {isa = PBXFileReference; lastKnownFileType = sourcecode.c.h; path = JSONParsing_macOS.h; sourceTree = "<group>"; };
		FBADD6F6200512DC00985CF1 /* Info.plist */ = {isa = PBXFileReference; lastKnownFileType = text.plist.xml; path = Info.plist; sourceTree = "<group>"; };
		FBADD9D62006171900985CF1 /* AnyErrorKit.framework */ = {isa = PBXFileReference; lastKnownFileType = wrapper.framework; name = AnyErrorKit.framework; path = Carthage/Build/tvOS/AnyErrorKit.framework; sourceTree = "<group>"; };
		FBADD9D92006175600985CF1 /* AnyErrorKit.framework */ = {isa = PBXFileReference; lastKnownFileType = wrapper.framework; name = AnyErrorKit.framework; path = Carthage/Build/Mac/AnyErrorKit.framework; sourceTree = "<group>"; };
		FBB3F1942003BAFD00994D2F /* JSONParsing.framework */ = {isa = PBXFileReference; explicitFileType = wrapper.framework; includeInIndex = 0; path = JSONParsing.framework; sourceTree = BUILT_PRODUCTS_DIR; };
		FBB3F1972003BAFD00994D2F /* JSONParsing.h */ = {isa = PBXFileReference; lastKnownFileType = sourcecode.c.h; path = JSONParsing.h; sourceTree = "<group>"; };
		FBB3F1982003BAFD00994D2F /* Info.plist */ = {isa = PBXFileReference; lastKnownFileType = text.plist.xml; path = Info.plist; sourceTree = "<group>"; };
		FBB3F1A22003BB4E00994D2F /* JSONParseTransformable.swift */ = {isa = PBXFileReference; fileEncoding = 4; lastKnownFileType = sourcecode.swift; path = JSONParseTransformable.swift; sourceTree = "<group>"; };
		FBB3F1A32003BB4E00994D2F /* JSONParseablePrimitive.swift */ = {isa = PBXFileReference; fileEncoding = 4; lastKnownFileType = sourcecode.swift; path = JSONParseablePrimitive.swift; sourceTree = "<group>"; };
		FBB3F1A42003BB4E00994D2F /* JSON.swift */ = {isa = PBXFileReference; fileEncoding = 4; lastKnownFileType = sourcecode.swift; path = JSON.swift; sourceTree = "<group>"; };
		FBB3F1A52003BB4E00994D2F /* Double+JSON.swift */ = {isa = PBXFileReference; fileEncoding = 4; lastKnownFileType = sourcecode.swift; path = "Double+JSON.swift"; sourceTree = "<group>"; };
		FBB3F1A62003BB4E00994D2F /* Bool+JSON.swift */ = {isa = PBXFileReference; fileEncoding = 4; lastKnownFileType = sourcecode.swift; path = "Bool+JSON.swift"; sourceTree = "<group>"; };
		FBB3F1A72003BB4E00994D2F /* Int+JSON.swift */ = {isa = PBXFileReference; fileEncoding = 4; lastKnownFileType = sourcecode.swift; path = "Int+JSON.swift"; sourceTree = "<group>"; };
		FBB3F1A82003BB4E00994D2F /* JSONParseRawRepresentable.swift */ = {isa = PBXFileReference; fileEncoding = 4; lastKnownFileType = sourcecode.swift; path = JSONParseRawRepresentable.swift; sourceTree = "<group>"; };
		FBB3F1A92003BB4E00994D2F /* JSONParseable.swift */ = {isa = PBXFileReference; fileEncoding = 4; lastKnownFileType = sourcecode.swift; path = JSONParseable.swift; sourceTree = "<group>"; };
		FBB3F1AA2003BB4E00994D2F /* String+JSON.swift */ = {isa = PBXFileReference; fileEncoding = 4; lastKnownFileType = sourcecode.swift; path = "String+JSON.swift"; sourceTree = "<group>"; };
		FBB3F1AB2003BB4E00994D2F /* Float+JSON.swift */ = {isa = PBXFileReference; fileEncoding = 4; lastKnownFileType = sourcecode.swift; path = "Float+JSON.swift"; sourceTree = "<group>"; };
		FBB3F1AC2003BB4E00994D2F /* Array+JSON.swift */ = {isa = PBXFileReference; fileEncoding = 4; lastKnownFileType = sourcecode.swift; path = "Array+JSON.swift"; sourceTree = "<group>"; };
		FBB3F1AD2003BB4E00994D2F /* JSONError.swift */ = {isa = PBXFileReference; fileEncoding = 4; lastKnownFileType = sourcecode.swift; path = JSONError.swift; sourceTree = "<group>"; };
		FBB3F1AE2003BB4E00994D2F /* URL+JSON.swift */ = {isa = PBXFileReference; fileEncoding = 4; lastKnownFileType = sourcecode.swift; path = "URL+JSON.swift"; sourceTree = "<group>"; };
		FBB3F1BD2003BE5000994D2F /* AnyErrorKit.framework */ = {isa = PBXFileReference; lastKnownFileType = wrapper.framework; name = AnyErrorKit.framework; path = Carthage/Build/iOS/AnyErrorKit.framework; sourceTree = "<group>"; };
		FBB3F1C02003BFF200994D2F /* SwiftyJSON.framework */ = {isa = PBXFileReference; lastKnownFileType = wrapper.framework; name = SwiftyJSON.framework; path = Carthage/Build/iOS/SwiftyJSON.framework; sourceTree = "<group>"; };
/* End PBXFileReference section */

/* Begin PBXFrameworksBuildPhase section */
		FBADD6E2200512CA00985CF1 /* Frameworks */ = {
			isa = PBXFrameworksBuildPhase;
			buildActionMask = 2147483647;
			files = (
				FBADD9D72006171900985CF1 /* AnyErrorKit.framework in Frameworks */,
				FBADD9D52006171800985CF1 /* SwiftyJSON.framework in Frameworks */,
			);
			runOnlyForDeploymentPostprocessing = 0;
		};
		FBADD6EF200512DC00985CF1 /* Frameworks */ = {
			isa = PBXFrameworksBuildPhase;
			buildActionMask = 2147483647;
			files = (
				FBADD9DA2006175700985CF1 /* AnyErrorKit.framework in Frameworks */,
				FBADD9D82006175600985CF1 /* SwiftyJSON.framework in Frameworks */,
			);
			runOnlyForDeploymentPostprocessing = 0;
		};
		FBB3F1902003BAFD00994D2F /* Frameworks */ = {
			isa = PBXFrameworksBuildPhase;
			buildActionMask = 2147483647;
			files = (
				FBADD9D32006170100985CF1 /* SwiftyJSON.framework in Frameworks */,
				FBADD9D42006170100985CF1 /* AnyErrorKit.framework in Frameworks */,
			);
			runOnlyForDeploymentPostprocessing = 0;
		};
/* End PBXFrameworksBuildPhase section */

/* Begin PBXGroup section */
		FBADD6E7200512CA00985CF1 /* JSONParsing tvOS */ = {
			isa = PBXGroup;
			children = (
				FBADD6E8200512CA00985CF1 /* JSONParsing_tvOS.h */,
				FBADD6E9200512CA00985CF1 /* Info.plist */,
			);
			path = "JSONParsing tvOS";
			sourceTree = "<group>";
		};
		FBADD6F4200512DC00985CF1 /* JSONParsing macOS */ = {
			isa = PBXGroup;
			children = (
				FBADD6F5200512DC00985CF1 /* JSONParsing_macOS.h */,
				FBADD6F6200512DC00985CF1 /* Info.plist */,
			);
			path = "JSONParsing macOS";
			sourceTree = "<group>";
		};
		FBB3F18A2003BAFD00994D2F = {
			isa = PBXGroup;
			children = (
				FBB3F1962003BAFD00994D2F /* JSONParsing */,
				FBADD6E7200512CA00985CF1 /* JSONParsing tvOS */,
				FBADD6F4200512DC00985CF1 /* JSONParsing macOS */,
				FBB3F1952003BAFD00994D2F /* Products */,
				FBB3F1BC2003BE5000994D2F /* Frameworks */,
			);
			sourceTree = "<group>";
		};
		FBB3F1952003BAFD00994D2F /* Products */ = {
			isa = PBXGroup;
			children = (
				FBB3F1942003BAFD00994D2F /* JSONParsing.framework */,
				FBADD6E6200512CA00985CF1 /* JSONParsing.framework */,
				FBADD6F3200512DC00985CF1 /* JSONParsing.framework */,
			);
			name = Products;
			sourceTree = "<group>";
		};
		FBB3F1962003BAFD00994D2F /* JSONParsing */ = {
			isa = PBXGroup;
			children = (
				FBB3F19F2003BB4E00994D2F /* Source */,
				FBB3F1972003BAFD00994D2F /* JSONParsing.h */,
				FBB3F1982003BAFD00994D2F /* Info.plist */,
			);
			path = JSONParsing;
			sourceTree = "<group>";
		};
		FBB3F19F2003BB4E00994D2F /* Source */ = {
			isa = PBXGroup;
			children = (
				FBB3F1A02003BB4E00994D2F /* Classes */,
			);
			path = Source;
			sourceTree = SOURCE_ROOT;
		};
		FBB3F1A02003BB4E00994D2F /* Classes */ = {
			isa = PBXGroup;
			children = (
				FBB3F1A12003BB4E00994D2F /* JSONParsing */,
			);
			path = Classes;
			sourceTree = "<group>";
		};
		FBB3F1A12003BB4E00994D2F /* JSONParsing */ = {
			isa = PBXGroup;
			children = (
				FBB3F1A22003BB4E00994D2F /* JSONParseTransformable.swift */,
				FBB3F1A32003BB4E00994D2F /* JSONParseablePrimitive.swift */,
				FBB3F1A42003BB4E00994D2F /* JSON.swift */,
				FBB3F1A52003BB4E00994D2F /* Double+JSON.swift */,
				FBB3F1A62003BB4E00994D2F /* Bool+JSON.swift */,
				FBB3F1A72003BB4E00994D2F /* Int+JSON.swift */,
				FBB3F1A82003BB4E00994D2F /* JSONParseRawRepresentable.swift */,
				FBB3F1A92003BB4E00994D2F /* JSONParseable.swift */,
				FBB3F1AA2003BB4E00994D2F /* String+JSON.swift */,
				FBB3F1AB2003BB4E00994D2F /* Float+JSON.swift */,
				FBB3F1AC2003BB4E00994D2F /* Array+JSON.swift */,
				FBB3F1AD2003BB4E00994D2F /* JSONError.swift */,
				FBB3F1AE2003BB4E00994D2F /* URL+JSON.swift */,
			);
			path = JSONParsing;
			sourceTree = "<group>";
		};
		FBB3F1BC2003BE5000994D2F /* Frameworks */ = {
			isa = PBXGroup;
			children = (
				FBADD9D62006171900985CF1 /* AnyErrorKit.framework */,
				FBADD9D92006175600985CF1 /* AnyErrorKit.framework */,
				FBADD6DB20050E8600985CF1 /* AnyErrorKit_macOS.framework */,
				FBADD6D920050E8500985CF1 /* AnyErrorKit_tvOS.framework */,
				FBADD6DA20050E8500985CF1 /* SwiftyJSON.framework */,
				FBB3F1C02003BFF200994D2F /* SwiftyJSON.framework */,
				FBADD6D820050E8500985CF1 /* SwiftyJSON.framework */,
				FBB3F1BD2003BE5000994D2F /* AnyErrorKit.framework */,
			);
			name = Frameworks;
			sourceTree = "<group>";
		};
/* End PBXGroup section */

/* Begin PBXHeadersBuildPhase section */
		FBADD6E3200512CA00985CF1 /* Headers */ = {
			isa = PBXHeadersBuildPhase;
			buildActionMask = 2147483647;
			files = (
				FBADD6EA200512CA00985CF1 /* JSONParsing_tvOS.h in Headers */,
			);
			runOnlyForDeploymentPostprocessing = 0;
		};
		FBADD6F0200512DC00985CF1 /* Headers */ = {
			isa = PBXHeadersBuildPhase;
			buildActionMask = 2147483647;
			files = (
				FBADD6F7200512DC00985CF1 /* JSONParsing_macOS.h in Headers */,
			);
			runOnlyForDeploymentPostprocessing = 0;
		};
		FBB3F1912003BAFD00994D2F /* Headers */ = {
			isa = PBXHeadersBuildPhase;
			buildActionMask = 2147483647;
			files = (
				FBB3F1992003BAFD00994D2F /* JSONParsing.h in Headers */,
			);
			runOnlyForDeploymentPostprocessing = 0;
		};
/* End PBXHeadersBuildPhase section */

/* Begin PBXNativeTarget section */
		FBADD6E5200512CA00985CF1 /* JSONParsing tvOS */ = {
			isa = PBXNativeTarget;
			buildConfigurationList = FBADD6EB200512CA00985CF1 /* Build configuration list for PBXNativeTarget "JSONParsing tvOS" */;
			buildPhases = (
				FBADD6E1200512CA00985CF1 /* Sources */,
				FBADD6E2200512CA00985CF1 /* Frameworks */,
				FBADD6E3200512CA00985CF1 /* Headers */,
				FBADD6E4200512CA00985CF1 /* Resources */,
				FBADD6FD2005130000985CF1 /* ShellScript */,
			);
			buildRules = (
			);
			dependencies = (
			);
			name = "JSONParsing tvOS";
			productName = "JSONParsing tvOS";
			productReference = FBADD6E6200512CA00985CF1 /* JSONParsing.framework */;
			productType = "com.apple.product-type.framework";
		};
		FBADD6F2200512DC00985CF1 /* JSONParsing macOS */ = {
			isa = PBXNativeTarget;
			buildConfigurationList = FBADD6F8200512DC00985CF1 /* Build configuration list for PBXNativeTarget "JSONParsing macOS" */;
			buildPhases = (
				FBADD6EE200512DC00985CF1 /* Sources */,
				FBADD6EF200512DC00985CF1 /* Frameworks */,
				FBADD6F0200512DC00985CF1 /* Headers */,
				FBADD6F1200512DC00985CF1 /* Resources */,
				FBADD7002005142D00985CF1 /* ShellScript */,
			);
			buildRules = (
			);
			dependencies = (
			);
			name = "JSONParsing macOS";
			productName = "JSONParsing macOS";
			productReference = FBADD6F3200512DC00985CF1 /* JSONParsing.framework */;
			productType = "com.apple.product-type.framework";
		};
		FBB3F1932003BAFD00994D2F /* JSONParsing */ = {
			isa = PBXNativeTarget;
			buildConfigurationList = FBB3F19C2003BAFD00994D2F /* Build configuration list for PBXNativeTarget "JSONParsing" */;
			buildPhases = (
				FBB3F18F2003BAFD00994D2F /* Sources */,
				FBB3F1902003BAFD00994D2F /* Frameworks */,
				FBB3F1912003BAFD00994D2F /* Headers */,
				FBB3F1922003BAFD00994D2F /* Resources */,
				FBB3F1BF2003BE5600994D2F /* ShellScript */,
			);
			buildRules = (
			);
			dependencies = (
			);
			name = JSONParsing;
			productName = JSONParsing;
			productReference = FBB3F1942003BAFD00994D2F /* JSONParsing.framework */;
			productType = "com.apple.product-type.framework";
		};
/* End PBXNativeTarget section */

/* Begin PBXProject section */
		FBB3F18B2003BAFD00994D2F /* Project object */ = {
			isa = PBXProject;
			attributes = {
				LastUpgradeCheck = 0920;
				ORGANIZATIONNAME = Nickelfox;
				TargetAttributes = {
					FBADD6E5200512CA00985CF1 = {
						CreatedOnToolsVersion = 9.2;
						ProvisioningStyle = Automatic;
					};
					FBADD6F2200512DC00985CF1 = {
						CreatedOnToolsVersion = 9.2;
						ProvisioningStyle = Automatic;
					};
					FBB3F1932003BAFD00994D2F = {
						CreatedOnToolsVersion = 9.2;
						ProvisioningStyle = Automatic;
					};
				};
			};
			buildConfigurationList = FBB3F18E2003BAFD00994D2F /* Build configuration list for PBXProject "JSONParsing" */;
			compatibilityVersion = "Xcode 8.0";
			developmentRegion = en;
			hasScannedForEncodings = 0;
			knownRegions = (
				en,
			);
			mainGroup = FBB3F18A2003BAFD00994D2F;
			productRefGroup = FBB3F1952003BAFD00994D2F /* Products */;
			projectDirPath = "";
			projectRoot = "";
			targets = (
				FBB3F1932003BAFD00994D2F /* JSONParsing */,
				FBADD6E5200512CA00985CF1 /* JSONParsing tvOS */,
				FBADD6F2200512DC00985CF1 /* JSONParsing macOS */,
			);
		};
/* End PBXProject section */

/* Begin PBXResourcesBuildPhase section */
		FBADD6E4200512CA00985CF1 /* Resources */ = {
			isa = PBXResourcesBuildPhase;
			buildActionMask = 2147483647;
			files = (
			);
			runOnlyForDeploymentPostprocessing = 0;
		};
		FBADD6F1200512DC00985CF1 /* Resources */ = {
			isa = PBXResourcesBuildPhase;
			buildActionMask = 2147483647;
			files = (
			);
			runOnlyForDeploymentPostprocessing = 0;
		};
		FBB3F1922003BAFD00994D2F /* Resources */ = {
			isa = PBXResourcesBuildPhase;
			buildActionMask = 2147483647;
			files = (
			);
			runOnlyForDeploymentPostprocessing = 0;
		};
/* End PBXResourcesBuildPhase section */

/* Begin PBXShellScriptBuildPhase section */
		FBADD6FD2005130000985CF1 /* ShellScript */ = {
			isa = PBXShellScriptBuildPhase;
			buildActionMask = 2147483647;
			files = (
			);
			inputPaths = (
				"$(SRCROOT)/Carthage/Build/tvOS/SwiftyJSON.framework",
				"$(SRCROOT)/Carthage/Build/tvOS/AnyErrorKit.framework",
			);
			outputPaths = (
			);
			runOnlyForDeploymentPostprocessing = 0;
			shellPath = /bin/sh;
			shellScript = "/usr/local/bin/carthage copy-frameworks";
		};
		FBADD7002005142D00985CF1 /* ShellScript */ = {
			isa = PBXShellScriptBuildPhase;
			buildActionMask = 2147483647;
			files = (
			);
			inputPaths = (
				"$(SRCROOT)/Carthage/Build/Mac/SwiftyJSON.framework",
				"$(SRCROOT)/Carthage/Build/Mac/AnyErrorKit.framework",
			);
			outputPaths = (
			);
			runOnlyForDeploymentPostprocessing = 0;
			shellPath = /bin/sh;
			shellScript = "/usr/local/bin/carthage copy-frameworks";
		};
		FBB3F1BF2003BE5600994D2F /* ShellScript */ = {
			isa = PBXShellScriptBuildPhase;
			buildActionMask = 2147483647;
			files = (
			);
			inputPaths = (
				"$(SRCROOT)/Carthage/Build/iOS/AnyErrorKit.framework",
				"$(SRCROOT)/Carthage/Build/iOS/SwiftyJSON.framework",
			);
			outputPaths = (
			);
			runOnlyForDeploymentPostprocessing = 0;
			shellPath = /bin/sh;
			shellScript = "/usr/local/bin/carthage copy-frameworks";
		};
/* End PBXShellScriptBuildPhase section */

/* Begin PBXSourcesBuildPhase section */
		FBADD6E1200512CA00985CF1 /* Sources */ = {
			isa = PBXSourcesBuildPhase;
			buildActionMask = 2147483647;
			files = (
			);
			runOnlyForDeploymentPostprocessing = 0;
		};
		FBADD6EE200512DC00985CF1 /* Sources */ = {
			isa = PBXSourcesBuildPhase;
			buildActionMask = 2147483647;
			files = (
			);
			runOnlyForDeploymentPostprocessing = 0;
		};
		FBB3F18F2003BAFD00994D2F /* Sources */ = {
			isa = PBXSourcesBuildPhase;
			buildActionMask = 2147483647;
			files = (
				FBB3F1BB2003BB4E00994D2F /* URL+JSON.swift in Sources */,
				FBB3F1B92003BB4E00994D2F /* Array+JSON.swift in Sources */,
				FBB3F1B82003BB4E00994D2F /* Float+JSON.swift in Sources */,
				FBB3F1B22003BB4E00994D2F /* Double+JSON.swift in Sources */,
				FBB3F1B52003BB4E00994D2F /* JSONParseRawRepresentable.swift in Sources */,
				FBB3F1B42003BB4E00994D2F /* Int+JSON.swift in Sources */,
				FBB3F1B12003BB4E00994D2F /* JSON.swift in Sources */,
				FBB3F1BA2003BB4E00994D2F /* JSONError.swift in Sources */,
				FBB3F1B32003BB4E00994D2F /* Bool+JSON.swift in Sources */,
				FBB3F1B72003BB4E00994D2F /* String+JSON.swift in Sources */,
				FBB3F1AF2003BB4E00994D2F /* JSONParseTransformable.swift in Sources */,
				FBB3F1B02003BB4E00994D2F /* JSONParseablePrimitive.swift in Sources */,
				FBB3F1B62003BB4E00994D2F /* JSONParseable.swift in Sources */,
			);
			runOnlyForDeploymentPostprocessing = 0;
		};
/* End PBXSourcesBuildPhase section */

/* Begin XCBuildConfiguration section */
		FBADD6EC200512CA00985CF1 /* Debug */ = {
			isa = XCBuildConfiguration;
			buildSettings = {
				CODE_SIGN_IDENTITY = "";
				CODE_SIGN_STYLE = Automatic;
				DEFINES_MODULE = YES;
				DEVELOPMENT_TEAM = NY45473NT8;
				DYLIB_COMPATIBILITY_VERSION = 1;
				DYLIB_CURRENT_VERSION = 1;
				DYLIB_INSTALL_NAME_BASE = "@rpath";
				FRAMEWORK_SEARCH_PATHS = (
					"$(inherited)",
					"$(PROJECT_DIR)/Carthage/Build/tvOS",
				);
				INFOPLIST_FILE = "JSONParsing tvOS/Info.plist";
				INSTALL_PATH = "$(LOCAL_LIBRARY_DIR)/Frameworks";
				LD_RUNPATH_SEARCH_PATHS = "$(inherited) @executable_path/Frameworks @loader_path/Frameworks";
				PRODUCT_BUNDLE_IDENTIFIER = "com.nickelfox.JSONParsing-tvOS";
				PRODUCT_NAME = JSONParsing;
				SDKROOT = appletvos;
				SKIP_INSTALL = YES;
				SWIFT_VERSION = 4.0;
				TARGETED_DEVICE_FAMILY = 3;
				TVOS_DEPLOYMENT_TARGET = 11.2;
			};
			name = Debug;
		};
		FBADD6ED200512CA00985CF1 /* Release */ = {
			isa = XCBuildConfiguration;
			buildSettings = {
				CODE_SIGN_IDENTITY = "";
				CODE_SIGN_STYLE = Automatic;
				DEFINES_MODULE = YES;
				DEVELOPMENT_TEAM = NY45473NT8;
				DYLIB_COMPATIBILITY_VERSION = 1;
				DYLIB_CURRENT_VERSION = 1;
				DYLIB_INSTALL_NAME_BASE = "@rpath";
				FRAMEWORK_SEARCH_PATHS = (
					"$(inherited)",
					"$(PROJECT_DIR)/Carthage/Build/tvOS",
				);
				INFOPLIST_FILE = "JSONParsing tvOS/Info.plist";
				INSTALL_PATH = "$(LOCAL_LIBRARY_DIR)/Frameworks";
				LD_RUNPATH_SEARCH_PATHS = "$(inherited) @executable_path/Frameworks @loader_path/Frameworks";
				PRODUCT_BUNDLE_IDENTIFIER = "com.nickelfox.JSONParsing-tvOS";
				PRODUCT_NAME = JSONParsing;
				SDKROOT = appletvos;
				SKIP_INSTALL = YES;
				SWIFT_VERSION = 4.0;
				TARGETED_DEVICE_FAMILY = 3;
				TVOS_DEPLOYMENT_TARGET = 11.2;
			};
			name = Release;
		};
		FBADD6F9200512DC00985CF1 /* Debug */ = {
			isa = XCBuildConfiguration;
			buildSettings = {
				CODE_SIGN_IDENTITY = "Mac Developer";
				CODE_SIGN_STYLE = Automatic;
				COMBINE_HIDPI_IMAGES = YES;
				DEFINES_MODULE = YES;
				DEVELOPMENT_TEAM = NY45473NT8;
				DYLIB_COMPATIBILITY_VERSION = 1;
				DYLIB_CURRENT_VERSION = 1;
				DYLIB_INSTALL_NAME_BASE = "@rpath";
				FRAMEWORK_SEARCH_PATHS = (
					"$(inherited)",
					"$(PROJECT_DIR)/Carthage/Build/Mac",
				);
				FRAMEWORK_VERSION = A;
				INFOPLIST_FILE = "JSONParsing macOS/Info.plist";
				INSTALL_PATH = "$(LOCAL_LIBRARY_DIR)/Frameworks";
				LD_RUNPATH_SEARCH_PATHS = "$(inherited) @executable_path/../Frameworks @loader_path/Frameworks";
				MACOSX_DEPLOYMENT_TARGET = 10.13;
				PRODUCT_BUNDLE_IDENTIFIER = "com.nickelfox.JSONParsing-macOS";
				PRODUCT_NAME = JSONParsing;
				SDKROOT = macosx;
				SKIP_INSTALL = YES;
				SWIFT_VERSION = 4.0;
			};
			name = Debug;
		};
		FBADD6FA200512DC00985CF1 /* Release */ = {
			isa = XCBuildConfiguration;
			buildSettings = {
				CODE_SIGN_IDENTITY = "Mac Developer";
				CODE_SIGN_STYLE = Automatic;
				COMBINE_HIDPI_IMAGES = YES;
				DEFINES_MODULE = YES;
				DEVELOPMENT_TEAM = NY45473NT8;
				DYLIB_COMPATIBILITY_VERSION = 1;
				DYLIB_CURRENT_VERSION = 1;
				DYLIB_INSTALL_NAME_BASE = "@rpath";
				FRAMEWORK_SEARCH_PATHS = (
					"$(inherited)",
					"$(PROJECT_DIR)/Carthage/Build/Mac",
				);
				FRAMEWORK_VERSION = A;
				INFOPLIST_FILE = "JSONParsing macOS/Info.plist";
				INSTALL_PATH = "$(LOCAL_LIBRARY_DIR)/Frameworks";
				LD_RUNPATH_SEARCH_PATHS = "$(inherited) @executable_path/../Frameworks @loader_path/Frameworks";
				MACOSX_DEPLOYMENT_TARGET = 10.13;
				PRODUCT_BUNDLE_IDENTIFIER = "com.nickelfox.JSONParsing-macOS";
				PRODUCT_NAME = JSONParsing;
				SDKROOT = macosx;
				SKIP_INSTALL = YES;
				SWIFT_VERSION = 4.0;
			};
			name = Release;
		};
		FBB3F19A2003BAFD00994D2F /* Debug */ = {
			isa = XCBuildConfiguration;
			buildSettings = {
				ALWAYS_SEARCH_USER_PATHS = NO;
				CLANG_ANALYZER_NONNULL = YES;
				CLANG_ANALYZER_NUMBER_OBJECT_CONVERSION = YES_AGGRESSIVE;
				CLANG_CXX_LANGUAGE_STANDARD = "gnu++14";
				CLANG_CXX_LIBRARY = "libc++";
				CLANG_ENABLE_MODULES = YES;
				CLANG_ENABLE_OBJC_ARC = YES;
				CLANG_WARN_BLOCK_CAPTURE_AUTORELEASING = YES;
				CLANG_WARN_BOOL_CONVERSION = YES;
				CLANG_WARN_COMMA = YES;
				CLANG_WARN_CONSTANT_CONVERSION = YES;
				CLANG_WARN_DIRECT_OBJC_ISA_USAGE = YES_ERROR;
				CLANG_WARN_DOCUMENTATION_COMMENTS = YES;
				CLANG_WARN_EMPTY_BODY = YES;
				CLANG_WARN_ENUM_CONVERSION = YES;
				CLANG_WARN_INFINITE_RECURSION = YES;
				CLANG_WARN_INT_CONVERSION = YES;
				CLANG_WARN_NON_LITERAL_NULL_CONVERSION = YES;
				CLANG_WARN_OBJC_LITERAL_CONVERSION = YES;
				CLANG_WARN_OBJC_ROOT_CLASS = YES_ERROR;
				CLANG_WARN_RANGE_LOOP_ANALYSIS = YES;
				CLANG_WARN_STRICT_PROTOTYPES = YES;
				CLANG_WARN_SUSPICIOUS_MOVE = YES;
				CLANG_WARN_UNGUARDED_AVAILABILITY = YES_AGGRESSIVE;
				CLANG_WARN_UNREACHABLE_CODE = YES;
				CLANG_WARN__DUPLICATE_METHOD_MATCH = YES;
				CODE_SIGN_IDENTITY = "iPhone Developer";
				COPY_PHASE_STRIP = NO;
				CURRENT_PROJECT_VERSION = 1;
				DEBUG_INFORMATION_FORMAT = dwarf;
				ENABLE_STRICT_OBJC_MSGSEND = YES;
				ENABLE_TESTABILITY = YES;
				GCC_C_LANGUAGE_STANDARD = gnu11;
				GCC_DYNAMIC_NO_PIC = NO;
				GCC_NO_COMMON_BLOCKS = YES;
				GCC_OPTIMIZATION_LEVEL = 0;
				GCC_PREPROCESSOR_DEFINITIONS = (
					"DEBUG=1",
					"$(inherited)",
				);
				GCC_WARN_64_TO_32_BIT_CONVERSION = YES;
				GCC_WARN_ABOUT_RETURN_TYPE = YES_ERROR;
				GCC_WARN_UNDECLARED_SELECTOR = YES;
				GCC_WARN_UNINITIALIZED_AUTOS = YES_AGGRESSIVE;
				GCC_WARN_UNUSED_FUNCTION = YES;
				GCC_WARN_UNUSED_VARIABLE = YES;
				IPHONEOS_DEPLOYMENT_TARGET = 11.2;
				MTL_ENABLE_DEBUG_INFO = YES;
				ONLY_ACTIVE_ARCH = YES;
				SDKROOT = iphoneos;
				SWIFT_ACTIVE_COMPILATION_CONDITIONS = DEBUG;
				SWIFT_OPTIMIZATION_LEVEL = "-Onone";
				VERSIONING_SYSTEM = "apple-generic";
				VERSION_INFO_PREFIX = "";
			};
			name = Debug;
		};
		FBB3F19B2003BAFD00994D2F /* Release */ = {
			isa = XCBuildConfiguration;
			buildSettings = {
				ALWAYS_SEARCH_USER_PATHS = NO;
				CLANG_ANALYZER_NONNULL = YES;
				CLANG_ANALYZER_NUMBER_OBJECT_CONVERSION = YES_AGGRESSIVE;
				CLANG_CXX_LANGUAGE_STANDARD = "gnu++14";
				CLANG_CXX_LIBRARY = "libc++";
				CLANG_ENABLE_MODULES = YES;
				CLANG_ENABLE_OBJC_ARC = YES;
				CLANG_WARN_BLOCK_CAPTURE_AUTORELEASING = YES;
				CLANG_WARN_BOOL_CONVERSION = YES;
				CLANG_WARN_COMMA = YES;
				CLANG_WARN_CONSTANT_CONVERSION = YES;
				CLANG_WARN_DIRECT_OBJC_ISA_USAGE = YES_ERROR;
				CLANG_WARN_DOCUMENTATION_COMMENTS = YES;
				CLANG_WARN_EMPTY_BODY = YES;
				CLANG_WARN_ENUM_CONVERSION = YES;
				CLANG_WARN_INFINITE_RECURSION = YES;
				CLANG_WARN_INT_CONVERSION = YES;
				CLANG_WARN_NON_LITERAL_NULL_CONVERSION = YES;
				CLANG_WARN_OBJC_LITERAL_CONVERSION = YES;
				CLANG_WARN_OBJC_ROOT_CLASS = YES_ERROR;
				CLANG_WARN_RANGE_LOOP_ANALYSIS = YES;
				CLANG_WARN_STRICT_PROTOTYPES = YES;
				CLANG_WARN_SUSPICIOUS_MOVE = YES;
				CLANG_WARN_UNGUARDED_AVAILABILITY = YES_AGGRESSIVE;
				CLANG_WARN_UNREACHABLE_CODE = YES;
				CLANG_WARN__DUPLICATE_METHOD_MATCH = YES;
				CODE_SIGN_IDENTITY = "iPhone Developer";
				COPY_PHASE_STRIP = NO;
				CURRENT_PROJECT_VERSION = 1;
				DEBUG_INFORMATION_FORMAT = "dwarf-with-dsym";
				ENABLE_NS_ASSERTIONS = NO;
				ENABLE_STRICT_OBJC_MSGSEND = YES;
				GCC_C_LANGUAGE_STANDARD = gnu11;
				GCC_NO_COMMON_BLOCKS = YES;
				GCC_WARN_64_TO_32_BIT_CONVERSION = YES;
				GCC_WARN_ABOUT_RETURN_TYPE = YES_ERROR;
				GCC_WARN_UNDECLARED_SELECTOR = YES;
				GCC_WARN_UNINITIALIZED_AUTOS = YES_AGGRESSIVE;
				GCC_WARN_UNUSED_FUNCTION = YES;
				GCC_WARN_UNUSED_VARIABLE = YES;
				IPHONEOS_DEPLOYMENT_TARGET = 11.2;
				MTL_ENABLE_DEBUG_INFO = NO;
				SDKROOT = iphoneos;
				SWIFT_OPTIMIZATION_LEVEL = "-Owholemodule";
				VALIDATE_PRODUCT = YES;
				VERSIONING_SYSTEM = "apple-generic";
				VERSION_INFO_PREFIX = "";
			};
			name = Release;
		};
		FBB3F19D2003BAFD00994D2F /* Debug */ = {
			isa = XCBuildConfiguration;
			buildSettings = {
				CODE_SIGN_IDENTITY = "";
				CODE_SIGN_STYLE = Automatic;
				DEFINES_MODULE = YES;
				DEVELOPMENT_TEAM = NY45473NT8;
				DYLIB_COMPATIBILITY_VERSION = 1;
				DYLIB_CURRENT_VERSION = 1;
				DYLIB_INSTALL_NAME_BASE = "@rpath";
				FRAMEWORK_SEARCH_PATHS = (
					"$(inherited)",
					"$(PROJECT_DIR)/Carthage/Build/iOS",
					"$(PROJECT_DIR)/Carthage/Build/Mac",
					"$(PROJECT_DIR)/Carthage/Build/tvOS",
				);
				INFOPLIST_FILE = JSONParsing/Info.plist;
				INSTALL_PATH = "$(LOCAL_LIBRARY_DIR)/Frameworks";
				LD_RUNPATH_SEARCH_PATHS = "$(inherited) @executable_path/Frameworks @loader_path/Frameworks";
				PRODUCT_BUNDLE_IDENTIFIER = com.nickelfox.JSONParsing;
				PRODUCT_NAME = "$(TARGET_NAME:c99extidentifier)";
				SKIP_INSTALL = YES;
				SWIFT_VERSION = 4.0;
				TARGETED_DEVICE_FAMILY = "1,2";
			};
			name = Debug;
		};
		FBB3F19E2003BAFD00994D2F /* Release */ = {
			isa = XCBuildConfiguration;
			buildSettings = {
				CODE_SIGN_IDENTITY = "";
				CODE_SIGN_STYLE = Automatic;
				DEFINES_MODULE = YES;
				DEVELOPMENT_TEAM = NY45473NT8;
				DYLIB_COMPATIBILITY_VERSION = 1;
				DYLIB_CURRENT_VERSION = 1;
				DYLIB_INSTALL_NAME_BASE = "@rpath";
				FRAMEWORK_SEARCH_PATHS = (
					"$(inherited)",
					"$(PROJECT_DIR)/Carthage/Build/iOS",
					"$(PROJECT_DIR)/Carthage/Build/Mac",
					"$(PROJECT_DIR)/Carthage/Build/tvOS",
				);
				INFOPLIST_FILE = JSONParsing/Info.plist;
				INSTALL_PATH = "$(LOCAL_LIBRARY_DIR)/Frameworks";
				LD_RUNPATH_SEARCH_PATHS = "$(inherited) @executable_path/Frameworks @loader_path/Frameworks";
				PRODUCT_BUNDLE_IDENTIFIER = com.nickelfox.JSONParsing;
				PRODUCT_NAME = "$(TARGET_NAME:c99extidentifier)";
				SKIP_INSTALL = YES;
				SWIFT_VERSION = 4.0;
				TARGETED_DEVICE_FAMILY = "1,2";
			};
			name = Release;
		};
/* End XCBuildConfiguration section */

/* Begin XCConfigurationList section */
		FBADD6EB200512CA00985CF1 /* Build configuration list for PBXNativeTarget "JSONParsing tvOS" */ = {
			isa = XCConfigurationList;
			buildConfigurations = (
				FBADD6EC200512CA00985CF1 /* Debug */,
				FBADD6ED200512CA00985CF1 /* Release */,
			);
			defaultConfigurationIsVisible = 0;
			defaultConfigurationName = Release;
		};
		FBADD6F8200512DC00985CF1 /* Build configuration list for PBXNativeTarget "JSONParsing macOS" */ = {
			isa = XCConfigurationList;
			buildConfigurations = (
				FBADD6F9200512DC00985CF1 /* Debug */,
				FBADD6FA200512DC00985CF1 /* Release */,
			);
			defaultConfigurationIsVisible = 0;
			defaultConfigurationName = Release;
		};
		FBB3F18E2003BAFD00994D2F /* Build configuration list for PBXProject "JSONParsing" */ = {
			isa = XCConfigurationList;
			buildConfigurations = (
				FBB3F19A2003BAFD00994D2F /* Debug */,
				FBB3F19B2003BAFD00994D2F /* Release */,
			);
			defaultConfigurationIsVisible = 0;
			defaultConfigurationName = Release;
		};
		FBB3F19C2003BAFD00994D2F /* Build configuration list for PBXNativeTarget "JSONParsing" */ = {
			isa = XCConfigurationList;
			buildConfigurations = (
				FBB3F19D2003BAFD00994D2F /* Debug */,
				FBB3F19E2003BAFD00994D2F /* Release */,
			);
			defaultConfigurationIsVisible = 0;
			defaultConfigurationName = Release;
		};
/* End XCConfigurationList section */
	};
	rootObject = FBB3F18B2003BAFD00994D2F /* Project object */;
}
